
Microsoft Visual Studio Solution File, Format Version 12.00
# Visual Studio Version 17
VisualStudioVersion = 17.0.32112.339
MinimumVisualStudioVersion = 10.0.40219.1
Project("{9A19103F-16F7-4668-BE54-9A1E7A4F7556}") = "XmlReaderWeb", "XmlReaderEmpWeb\XmlReaderWeb.csproj", "{3C83F857-D9D1-4DCD-A299-B9E0AE5B8B62}"
EndProject
Project("{9A19103F-16F7-4668-BE54-9A1E7A4F7556}") = "XmlReader.Data.DBRepository", "DBRepository\XmlReader.Data.DBRepository.csproj", "{21CA891C-4A89-4F99-86D5-FFE3259F18CA}"
EndProject
Project("{9A19103F-16F7-4668-BE54-9A1E7A4F7556}") = "XmlReader.BLL.Service", "Computing\XmlReader.BLL.Service.csproj", "{D82EC366-1D39-428C-9E26-AB0352EA5E37}"
EndProject
Project("{9A19103F-16F7-4668-BE54-9A1E7A4F7556}") = "XmlReader.Data.Models", "Models\XmlReader.Data.Models.csproj", "{1BA5574D-5338-471C-90C4-887FED514C4B}"
EndProject
Project("{2150E333-8FDC-42A3-9474-1A3956D46DE8}") = "XmlReader.Data", "XmlReader.Data", "{0154BB00-D542-4C93-9148-28051647258F}"
EndProject
Project("{2150E333-8FDC-42A3-9474-1A3956D46DE8}") = "Web", "Web", "{AFB1256B-D5E9-482E-8E81-F148BF7CE5A3}"
EndProject
Project("{9A19103F-16F7-4668-BE54-9A1E7A4F7556}") = "XmlReader.WEB.Controllers", "XmlReader.WEB.Controllers\XmlReader.WEB.Controllers.csproj", "{1CE394E6-ADF5-4831-86CF-BDFF86E3647B}"
EndProject
Project("{9A19103F-16F7-4668-BE54-9A1E7A4F7556}") = "XmlReader.BLL.Mapper", "XmlReader.BLL.Mapper\XmlReader.BLL.Mapper.csproj", "{C8783F66-7672-48EA-94E9-2CDA14ADD780}"
EndProject
Project("{2150E333-8FDC-42A3-9474-1A3956D46DE8}") = "BLL", "BLL", "{20C34C38-6138-47C1-BBFE-8003F2D58D32}"
EndProject
Project("{9A19103F-16F7-4668-BE54-9A1E7A4F7556}") = "XmlReader.BLL.Models", "XmlReader.BLL.DTO\XmlReader.BLL.Models.csproj", "{AC5EAE56-0B02-451D-BEEB-A6AEF0B69120}"
EndProject
Project("{9A19103F-16F7-4668-BE54-9A1E7A4F7556}") = "XmlReader.Web.WebServerSwagger", "XmlReader.Web.WebServer\XmlReader.Web.WebServerSwagger.csproj", "{7194E742-A233-48A0-9CBC-9B78E0393F9B}"
EndProject
Global
	GlobalSection(SolutionConfigurationPlatforms) = preSolution
		Debug|Any CPU = Debug|Any CPU
		Release|Any CPU = Release|Any CPU
	EndGlobalSection
	GlobalSection(ProjectConfigurationPlatforms) = postSolution
		{3C83F857-D9D1-4DCD-A299-B9E0AE5B8B62}.Debug|Any CPU.ActiveCfg = Debug|Any CPU
		{3C83F857-D9D1-4DCD-A299-B9E0AE5B8B62}.Debug|Any CPU.Build.0 = Debug|Any CPU
		{3C83F857-D9D1-4DCD-A299-B9E0AE5B8B62}.Release|Any CPU.ActiveCfg = Release|Any CPU
		{3C83F857-D9D1-4DCD-A299-B9E0AE5B8B62}.Release|Any CPU.Build.0 = Release|Any CPU
		{21CA891C-4A89-4F99-86D5-FFE3259F18CA}.Debug|Any CPU.ActiveCfg = Debug|Any CPU
		{21CA891C-4A89-4F99-86D5-FFE3259F18CA}.Debug|Any CPU.Build.0 = Debug|Any CPU
		{21CA891C-4A89-4F99-86D5-FFE3259F18CA}.Release|Any CPU.ActiveCfg = Release|Any CPU
		{21CA891C-4A89-4F99-86D5-FFE3259F18CA}.Release|Any CPU.Build.0 = Release|Any CPU
		{D82EC366-1D39-428C-9E26-AB0352EA5E37}.Debug|Any CPU.ActiveCfg = Debug|Any CPU
		{D82EC366-1D39-428C-9E26-AB0352EA5E37}.Debug|Any CPU.Build.0 = Debug|Any CPU
		{D82EC366-1D39-428C-9E26-AB0352EA5E37}.Release|Any CPU.ActiveCfg = Release|Any CPU
		{D82EC366-1D39-428C-9E26-AB0352EA5E37}.Release|Any CPU.Build.0 = Release|Any CPU
		{1BA5574D-5338-471C-90C4-887FED514C4B}.Debug|Any CPU.ActiveCfg = Debug|Any CPU
		{1BA5574D-5338-471C-90C4-887FED514C4B}.Debug|Any CPU.Build.0 = Debug|Any CPU
		{1BA5574D-5338-471C-90C4-887FED514C4B}.Release|Any CPU.ActiveCfg = Release|Any CPU
		{1BA5574D-5338-471C-90C4-887FED514C4B}.Release|Any CPU.Build.0 = Release|Any CPU
		{1CE394E6-ADF5-4831-86CF-BDFF86E3647B}.Debug|Any CPU.ActiveCfg = Debug|Any CPU
		{1CE394E6-ADF5-4831-86CF-BDFF86E3647B}.Debug|Any CPU.Build.0 = Debug|Any CPU
		{1CE394E6-ADF5-4831-86CF-BDFF86E3647B}.Release|Any CPU.ActiveCfg = Release|Any CPU
		{1CE394E6-ADF5-4831-86CF-BDFF86E3647B}.Release|Any CPU.Build.0 = Release|Any CPU
		{C8783F66-7672-48EA-94E9-2CDA14ADD780}.Debug|Any CPU.ActiveCfg = Debug|Any CPU
		{C8783F66-7672-48EA-94E9-2CDA14ADD780}.Debug|Any CPU.Build.0 = Debug|Any CPU
		{C8783F66-7672-48EA-94E9-2CDA14ADD780}.Release|Any CPU.ActiveCfg = Release|Any CPU
		{C8783F66-7672-48EA-94E9-2CDA14ADD780}.Release|Any CPU.Build.0 = Release|Any CPU
		{AC5EAE56-0B02-451D-BEEB-A6AEF0B69120}.Debug|Any CPU.ActiveCfg = Debug|Any CPU
		{AC5EAE56-0B02-451D-BEEB-A6AEF0B69120}.Debug|Any CPU.Build.0 = Debug|Any CPU
		{AC5EAE56-0B02-451D-BEEB-A6AEF0B69120}.Release|Any CPU.ActiveCfg = Release|Any CPU
		{AC5EAE56-0B02-451D-BEEB-A6AEF0B69120}.Release|Any CPU.Build.0 = Release|Any CPU
		{7194E742-A233-48A0-9CBC-9B78E0393F9B}.Debug|Any CPU.ActiveCfg = Debug|Any CPU
		{7194E742-A233-48A0-9CBC-9B78E0393F9B}.Debug|Any CPU.Build.0 = Debug|Any CPU
		{7194E742-A233-48A0-9CBC-9B78E0393F9B}.Release|Any CPU.ActiveCfg = Release|Any CPU
		{7194E742-A233-48A0-9CBC-9B78E0393F9B}.Release|Any CPU.Build.0 = Release|Any CPU
	EndGlobalSection
	GlobalSection(SolutionProperties) = preSolution
		HideSolutionNode = FALSE
	EndGlobalSection
	GlobalSection(NestedProjects) = preSolution
		{21CA891C-4A89-4F99-86D5-FFE3259F18CA} = {0154BB00-D542-4C93-9148-28051647258F}
		{D82EC366-1D39-428C-9E26-AB0352EA5E37} = {20C34C38-6138-47C1-BBFE-8003F2D58D32}
		{1BA5574D-5338-471C-90C4-887FED514C4B} = {0154BB00-D542-4C93-9148-28051647258F}
		{1CE394E6-ADF5-4831-86CF-BDFF86E3647B} = {AFB1256B-D5E9-482E-8E81-F148BF7CE5A3}
		{C8783F66-7672-48EA-94E9-2CDA14ADD780} = {20C34C38-6138-47C1-BBFE-8003F2D58D32}
		{AC5EAE56-0B02-451D-BEEB-A6AEF0B69120} = {20C34C38-6138-47C1-BBFE-8003F2D58D32}
		{7194E742-A233-48A0-9CBC-9B78E0393F9B} = {AFB1256B-D5E9-482E-8E81-F148BF7CE5A3}
	EndGlobalSection
	GlobalSection(ExtensibilityGlobals) = postSolution
		SolutionGuid = {49F36CE2-0B04-4836-9F5D-A0B1E556128F}
	EndGlobalSection
EndGlobal
